
Microsoft Visual Studio Solution File, Format Version 12.00
# Visual Studio Version 17
VisualStudioVersion = 17.0.31903.59
MinimumVisualStudioVersion = 10.0.40219.1
Project("{FAE04EC0-301F-11D3-BF4B-00C04F79EFBC}") = "CloudWeather.Precipitation", "CloudWeather.Precipitation\CloudWeather.Precipitation.csproj", "{EC22C79F-97BD-4836-9756-F08DB7924EC0}"
EndProject
Project("{FAE04EC0-301F-11D3-BF4B-00C04F79EFBC}") = "CloudWeather.Report", "CloudWeather.Report\CloudWeather.Report.csproj", "{0C81B896-E1D9-41EC-89B8-E405293BDCD2}"
EndProject
Project("{FAE04EC0-301F-11D3-BF4B-00C04F79EFBC}") = "CloudWeather.Temperature", "CloudWeather.Temperature\CloudWeather.Temperature.csproj", "{D24C2B8B-E87D-4ED7-BEC3-DE7F83685339}"
EndProject
Project("{FAE04EC0-301F-11D3-BF4B-00C04F79EFBC}") = "CloudWeather.DataLoader", "CloudWeather.DataLoader\CloudWeather.DataLoader.csproj", "{4AC0D9EF-2382-4A5A-9C82-90AF44101609}"
EndProject
Global
	GlobalSection(SolutionConfigurationPlatforms) = preSolution
		Debug|Any CPU = Debug|Any CPU
		Release|Any CPU = Release|Any CPU
	EndGlobalSection
	GlobalSection(SolutionProperties) = preSolution
		HideSolutionNode = FALSE
	EndGlobalSection
	GlobalSection(ProjectConfigurationPlatforms) = postSolution
		{EC22C79F-97BD-4836-9756-F08DB7924EC0}.Debug|Any CPU.ActiveCfg = Debug|Any CPU
		{EC22C79F-97BD-4836-9756-F08DB7924EC0}.Debug|Any CPU.Build.0 = Debug|Any CPU
		{EC22C79F-97BD-4836-9756-F08DB7924EC0}.Release|Any CPU.ActiveCfg = Release|Any CPU
		{EC22C79F-97BD-4836-9756-F08DB7924EC0}.Release|Any CPU.Build.0 = Release|Any CPU
		{0C81B896-E1D9-41EC-89B8-E405293BDCD2}.Debug|Any CPU.ActiveCfg = Debug|Any CPU
		{0C81B896-E1D9-41EC-89B8-E405293BDCD2}.Debug|Any CPU.Build.0 = Debug|Any CPU
		{0C81B896-E1D9-41EC-89B8-E405293BDCD2}.Release|Any CPU.ActiveCfg = Release|Any CPU
		{0C81B896-E1D9-41EC-89B8-E405293BDCD2}.Release|Any CPU.Build.0 = Release|Any CPU
		{D24C2B8B-E87D-4ED7-BEC3-DE7F83685339}.Debug|Any CPU.ActiveCfg = Debug|Any CPU
		{D24C2B8B-E87D-4ED7-BEC3-DE7F83685339}.Debug|Any CPU.Build.0 = Debug|Any CPU
		{D24C2B8B-E87D-4ED7-BEC3-DE7F83685339}.Release|Any CPU.ActiveCfg = Release|Any CPU
		{D24C2B8B-E87D-4ED7-BEC3-DE7F83685339}.Release|Any CPU.Build.0 = Release|Any CPU
		{4AC0D9EF-2382-4A5A-9C82-90AF44101609}.Debug|Any CPU.ActiveCfg = Debug|Any CPU
		{4AC0D9EF-2382-4A5A-9C82-90AF44101609}.Debug|Any CPU.Build.0 = Debug|Any CPU
		{4AC0D9EF-2382-4A5A-9C82-90AF44101609}.Release|Any CPU.ActiveCfg = Release|Any CPU
		{4AC0D9EF-2382-4A5A-9C82-90AF44101609}.Release|Any CPU.Build.0 = Release|Any CPU
	EndGlobalSection
EndGlobal
